
Microsoft Visual Studio Solution File, Format Version 12.00
# Visual Studio Version 16
VisualStudioVersion = 16.0.29123.88
MinimumVisualStudioVersion = 10.0.40219.1
Project("{FAE04EC0-301F-11D3-BF4B-00C04F79EFBC}") = "ChemGo", "ChemGo\ChemGo.csproj", "{2F57EE4C-9FC6-459F-B7CF-A3858E31D8C6}"
EndProject
Global
	GlobalSection(SolutionConfigurationPlatforms) = preSolution
		Debug|Any CPU = Debug|Any CPU
		Release|Any CPU = Release|Any CPU
	EndGlobalSection
	GlobalSection(ProjectConfigurationPlatforms) = postSolution
		{2F57EE4C-9FC6-459F-B7CF-A3858E31D8C6}.Debug|Any CPU.ActiveCfg = Debug|Any CPU
		{2F57EE4C-9FC6-459F-B7CF-A3858E31D8C6}.Debug|Any CPU.Build.0 = Debug|Any CPU
		{2F57EE4C-9FC6-459F-B7CF-A3858E31D8C6}.Release|Any CPU.ActiveCfg = Release|Any CPU
		{2F57EE4C-9FC6-459F-B7CF-A3858E31D8C6}.Release|Any CPU.Build.0 = Release|Any CPU
	EndGlobalSection
	GlobalSection(SolutionProperties) = preSolution
		HideSolutionNode = FALSE
	EndGlobalSection
	GlobalSection(ExtensibilityGlobals) = postSolution
		SolutionGuid = {8A082188-38E8-4A92-8879-F86356AFF731}
	EndGlobalSection
EndGlobal
